
Microsoft Visual Studio Solution File, Format Version 12.00
# Visual Studio 14
VisualStudioVersion = 14.0.23107.0
MinimumVisualStudioVersion = 10.0.40219.1
Project("{FAE04EC0-301F-11D3-BF4B-00C04F79EFBC}") = "SDSK.API", "SDSK.API\SDSK.API.csproj", "{D1C205F7-343C-45E1-A419-E922C2127F37}"
EndProject
Project("{FAE04EC0-301F-11D3-BF4B-00C04F79EFBC}") = "Model", "Model\Model.csproj", "{111E4442-EB73-48A4-95A1-5E700DE79EEB}"
EndProject
Project("{FAE04EC0-301F-11D3-BF4B-00C04F79EFBC}") = "DataAccess", "DataAccess\DataAccess.csproj", "{703E81ED-43D9-4570-9733-6E071DAD6A48}"
EndProject
Global
	GlobalSection(SolutionConfigurationPlatforms) = preSolution
		Debug|Any CPU = Debug|Any CPU
		Release|Any CPU = Release|Any CPU
	EndGlobalSection
	GlobalSection(ProjectConfigurationPlatforms) = postSolution
		{D1C205F7-343C-45E1-A419-E922C2127F37}.Debug|Any CPU.ActiveCfg = Debug|Any CPU
		{D1C205F7-343C-45E1-A419-E922C2127F37}.Debug|Any CPU.Build.0 = Debug|Any CPU
		{D1C205F7-343C-45E1-A419-E922C2127F37}.Release|Any CPU.ActiveCfg = Release|Any CPU
		{D1C205F7-343C-45E1-A419-E922C2127F37}.Release|Any CPU.Build.0 = Release|Any CPU
		{111E4442-EB73-48A4-95A1-5E700DE79EEB}.Debug|Any CPU.ActiveCfg = Debug|Any CPU
		{111E4442-EB73-48A4-95A1-5E700DE79EEB}.Debug|Any CPU.Build.0 = Debug|Any CPU
		{111E4442-EB73-48A4-95A1-5E700DE79EEB}.Release|Any CPU.ActiveCfg = Release|Any CPU
		{111E4442-EB73-48A4-95A1-5E700DE79EEB}.Release|Any CPU.Build.0 = Release|Any CPU
		{703E81ED-43D9-4570-9733-6E071DAD6A48}.Debug|Any CPU.ActiveCfg = Debug|Any CPU
		{703E81ED-43D9-4570-9733-6E071DAD6A48}.Debug|Any CPU.Build.0 = Debug|Any CPU
		{703E81ED-43D9-4570-9733-6E071DAD6A48}.Release|Any CPU.ActiveCfg = Release|Any CPU
		{703E81ED-43D9-4570-9733-6E071DAD6A48}.Release|Any CPU.Build.0 = Release|Any CPU
	EndGlobalSection
	GlobalSection(SolutionProperties) = preSolution
		HideSolutionNode = FALSE
	EndGlobalSection
EndGlobal
